
Microsoft Visual Studio Solution File, Format Version 12.00
# Visual Studio Version 17
VisualStudioVersion = 17.5.002.0
MinimumVisualStudioVersion = 10.0.40219.1
Project("{9A19103F-16F7-4668-BE54-9A1E7A4F7556}") = "PerfomanceProject.Client", "Client\PerfomanceProject.Client.csproj", "{DE9D1375-9113-4381-A6C5-D68D1C48FB0E}"
EndProject
Project("{9A19103F-16F7-4668-BE54-9A1E7A4F7556}") = "PerfomanceProject.Shared", "Shared\PerfomanceProject.Shared.csproj", "{774434FA-2462-472D-942C-58E66CCA91E6}"
EndProject
Project("{9A19103F-16F7-4668-BE54-9A1E7A4F7556}") = "PerfomanceProject.API", "API\PerfomanceProject.API.csproj", "{4935EF93-047C-4FF8-B7D4-50165586A392}"
EndProject
Project("{9A19103F-16F7-4668-BE54-9A1E7A4F7556}") = "PerformanceProject.Tests", "PerformanceProject.Tests\PerformanceProject.Tests.csproj", "{8A46718A-1DA0-46D7-9616-DF8AED2C7915}"
EndProject
Global
	GlobalSection(SolutionConfigurationPlatforms) = preSolution
		Debug|Any CPU = Debug|Any CPU
		Release|Any CPU = Release|Any CPU
	EndGlobalSection
	GlobalSection(ProjectConfigurationPlatforms) = postSolution
		{DE9D1375-9113-4381-A6C5-D68D1C48FB0E}.Debug|Any CPU.ActiveCfg = Debug|Any CPU
		{DE9D1375-9113-4381-A6C5-D68D1C48FB0E}.Debug|Any CPU.Build.0 = Debug|Any CPU
		{DE9D1375-9113-4381-A6C5-D68D1C48FB0E}.Release|Any CPU.ActiveCfg = Release|Any CPU
		{DE9D1375-9113-4381-A6C5-D68D1C48FB0E}.Release|Any CPU.Build.0 = Release|Any CPU
		{774434FA-2462-472D-942C-58E66CCA91E6}.Debug|Any CPU.ActiveCfg = Debug|Any CPU
		{774434FA-2462-472D-942C-58E66CCA91E6}.Debug|Any CPU.Build.0 = Debug|Any CPU
		{774434FA-2462-472D-942C-58E66CCA91E6}.Release|Any CPU.ActiveCfg = Release|Any CPU
		{774434FA-2462-472D-942C-58E66CCA91E6}.Release|Any CPU.Build.0 = Release|Any CPU
		{4935EF93-047C-4FF8-B7D4-50165586A392}.Debug|Any CPU.ActiveCfg = Debug|Any CPU
		{4935EF93-047C-4FF8-B7D4-50165586A392}.Debug|Any CPU.Build.0 = Debug|Any CPU
		{4935EF93-047C-4FF8-B7D4-50165586A392}.Release|Any CPU.ActiveCfg = Release|Any CPU
		{4935EF93-047C-4FF8-B7D4-50165586A392}.Release|Any CPU.Build.0 = Release|Any CPU
		{8A46718A-1DA0-46D7-9616-DF8AED2C7915}.Debug|Any CPU.ActiveCfg = Debug|Any CPU
		{8A46718A-1DA0-46D7-9616-DF8AED2C7915}.Debug|Any CPU.Build.0 = Debug|Any CPU
		{8A46718A-1DA0-46D7-9616-DF8AED2C7915}.Release|Any CPU.ActiveCfg = Release|Any CPU
		{8A46718A-1DA0-46D7-9616-DF8AED2C7915}.Release|Any CPU.Build.0 = Release|Any CPU
	EndGlobalSection
	GlobalSection(SolutionProperties) = preSolution
		HideSolutionNode = FALSE
	EndGlobalSection
	GlobalSection(ExtensibilityGlobals) = postSolution
		SolutionGuid = {98C1A889-6307-45D0-9829-5CAB184D3E3B}
	EndGlobalSection
EndGlobal
